
Microsoft Visual Studio Solution File, Format Version 12.00
# Visual Studio Version 17
VisualStudioVersion = 17.7.34221.43
MinimumVisualStudioVersion = 10.0.40219.1
Project("{FAE04EC0-301F-11D3-BF4B-00C04F79EFBC}") = "primeiro projeto", "primeiro projeto\primeiro projeto.csproj", "{120DAF8D-9E34-4CE2-95D9-ABF0432BC8EA}"
EndProject
Global
	GlobalSection(SolutionConfigurationPlatforms) = preSolution
		Debug|Any CPU = Debug|Any CPU
		Release|Any CPU = Release|Any CPU
	EndGlobalSection
	GlobalSection(ProjectConfigurationPlatforms) = postSolution
		{120DAF8D-9E34-4CE2-95D9-ABF0432BC8EA}.Debug|Any CPU.ActiveCfg = Debug|Any CPU
		{120DAF8D-9E34-4CE2-95D9-ABF0432BC8EA}.Debug|Any CPU.Build.0 = Debug|Any CPU
		{120DAF8D-9E34-4CE2-95D9-ABF0432BC8EA}.Release|Any CPU.ActiveCfg = Release|Any CPU
		{120DAF8D-9E34-4CE2-95D9-ABF0432BC8EA}.Release|Any CPU.Build.0 = Release|Any CPU
	EndGlobalSection
	GlobalSection(SolutionProperties) = preSolution
		HideSolutionNode = FALSE
	EndGlobalSection
	GlobalSection(ExtensibilityGlobals) = postSolution
		SolutionGuid = {378D533E-746A-4224-B0CD-1D56B6F95E40}
	EndGlobalSection
EndGlobal
